
Microsoft Visual Studio Solution File, Format Version 12.00
# Visual Studio 15
VisualStudioVersion = 15.0.27130.2027
MinimumVisualStudioVersion = 10.0.40219.1
Project("{9A19103F-16F7-4668-BE54-9A1E7A4F7556}") = "DisplayInitials", "DisplayInitials\DisplayInitials.csproj", "{9FCCF99E-353F-4145-A9EC-D47F35A0954D}"
EndProject
Project("{FAE04EC0-301F-11D3-BF4B-00C04F79EFBC}") = "StickFigure", "StickFigure\StickFigure.csproj", "{C5A403B6-D3A9-4EAF-A4B7-8BC7ABBA25CE}"
EndProject
Global
	GlobalSection(SolutionConfigurationPlatforms) = preSolution
		Debug|Any CPU = Debug|Any CPU
		Release|Any CPU = Release|Any CPU
	EndGlobalSection
	GlobalSection(ProjectConfigurationPlatforms) = postSolution
		{9FCCF99E-353F-4145-A9EC-D47F35A0954D}.Debug|Any CPU.ActiveCfg = Debug|Any CPU
		{9FCCF99E-353F-4145-A9EC-D47F35A0954D}.Debug|Any CPU.Build.0 = Debug|Any CPU
		{9FCCF99E-353F-4145-A9EC-D47F35A0954D}.Release|Any CPU.ActiveCfg = Release|Any CPU
		{9FCCF99E-353F-4145-A9EC-D47F35A0954D}.Release|Any CPU.Build.0 = Release|Any CPU
		{C5A403B6-D3A9-4EAF-A4B7-8BC7ABBA25CE}.Debug|Any CPU.ActiveCfg = Debug|Any CPU
		{C5A403B6-D3A9-4EAF-A4B7-8BC7ABBA25CE}.Debug|Any CPU.Build.0 = Debug|Any CPU
		{C5A403B6-D3A9-4EAF-A4B7-8BC7ABBA25CE}.Release|Any CPU.ActiveCfg = Release|Any CPU
		{C5A403B6-D3A9-4EAF-A4B7-8BC7ABBA25CE}.Release|Any CPU.Build.0 = Release|Any CPU
	EndGlobalSection
	GlobalSection(SolutionProperties) = preSolution
		HideSolutionNode = FALSE
	EndGlobalSection
	GlobalSection(ExtensibilityGlobals) = postSolution
		SolutionGuid = {FC06454C-A39E-43AC-B92B-E87F031C0B5A}
	EndGlobalSection
EndGlobal
