
Microsoft Visual Studio Solution File, Format Version 12.00
# Visual Studio 14
VisualStudioVersion = 14.0.24720.0
MinimumVisualStudioVersion = 10.0.40219.1
Project("{FAE04EC0-301F-11D3-BF4B-00C04F79EFBC}") = "PRACTICE_2", "PRACTICE_2\PRACTICE_2.csproj", "{D5406795-34A2-493B-8DA9-B2E32AF00AB5}"
EndProject
Project("{FAE04EC0-301F-11D3-BF4B-00C04F79EFBC}") = "PRACTICE_3", "PRACTICE_3\PRACTICE_3.csproj", "{3F78A3F1-1E8F-496A-B156-E06A73BFAE4D}"
EndProject
Project("{FAE04EC0-301F-11D3-BF4B-00C04F79EFBC}") = "PRACTICE_4", "PRACTICE_4\PRACTICE_4.csproj", "{2A346189-473A-4410-AAC2-3A452D5B479B}"
EndProject
Project("{FAE04EC0-301F-11D3-BF4B-00C04F79EFBC}") = "PRACTICE_5", "PRACTICE_5\PRACTICE_5.csproj", "{EFA27AF6-40F0-4D21-AE85-74132EC8E951}"
EndProject
Project("{FAE04EC0-301F-11D3-BF4B-00C04F79EFBC}") = "PRACTICE_6", "PRACTICE_6\PRACTICE_6.csproj", "{CA2C9C29-32D0-4B59-9FD9-F83E786A4ECA}"
EndProject
Project("{FAE04EC0-301F-11D3-BF4B-00C04F79EFBC}") = "PRACTICE_7", "PRACTICE_7\PRACTICE_7.csproj", "{B10A6A54-CA75-4164-AAA8-8E4ECFA04F64}"
EndProject
Project("{FAE04EC0-301F-11D3-BF4B-00C04F79EFBC}") = "PRACTICE_8", "PRACTICE_8\PRACTICE_8.csproj", "{80814B43-69CD-429B-9174-21E1DDA7430C}"
EndProject
Project("{FAE04EC0-301F-11D3-BF4B-00C04F79EFBC}") = "PRACTICE_9", "PRACTICE_9\PRACTICE_9.csproj", "{A42B9D85-E0A1-4D83-970E-087C3433FB01}"
EndProject
Project("{FAE04EC0-301F-11D3-BF4B-00C04F79EFBC}") = "PRACTICE_1", "PRACTICE_1\PRACTICE_1.csproj", "{8DD45C6D-A54C-4B5A-9415-F379400F1FA1}"
EndProject
Global
	GlobalSection(SolutionConfigurationPlatforms) = preSolution
		Debug|Any CPU = Debug|Any CPU
		Release|Any CPU = Release|Any CPU
	EndGlobalSection
	GlobalSection(ProjectConfigurationPlatforms) = postSolution
		{D5406795-34A2-493B-8DA9-B2E32AF00AB5}.Debug|Any CPU.ActiveCfg = Debug|Any CPU
		{D5406795-34A2-493B-8DA9-B2E32AF00AB5}.Debug|Any CPU.Build.0 = Debug|Any CPU
		{D5406795-34A2-493B-8DA9-B2E32AF00AB5}.Release|Any CPU.ActiveCfg = Release|Any CPU
		{D5406795-34A2-493B-8DA9-B2E32AF00AB5}.Release|Any CPU.Build.0 = Release|Any CPU
		{3F78A3F1-1E8F-496A-B156-E06A73BFAE4D}.Debug|Any CPU.ActiveCfg = Debug|Any CPU
		{3F78A3F1-1E8F-496A-B156-E06A73BFAE4D}.Debug|Any CPU.Build.0 = Debug|Any CPU
		{3F78A3F1-1E8F-496A-B156-E06A73BFAE4D}.Release|Any CPU.ActiveCfg = Release|Any CPU
		{3F78A3F1-1E8F-496A-B156-E06A73BFAE4D}.Release|Any CPU.Build.0 = Release|Any CPU
		{2A346189-473A-4410-AAC2-3A452D5B479B}.Debug|Any CPU.ActiveCfg = Debug|Any CPU
		{2A346189-473A-4410-AAC2-3A452D5B479B}.Debug|Any CPU.Build.0 = Debug|Any CPU
		{2A346189-473A-4410-AAC2-3A452D5B479B}.Release|Any CPU.ActiveCfg = Release|Any CPU
		{2A346189-473A-4410-AAC2-3A452D5B479B}.Release|Any CPU.Build.0 = Release|Any CPU
		{EFA27AF6-40F0-4D21-AE85-74132EC8E951}.Debug|Any CPU.ActiveCfg = Debug|Any CPU
		{EFA27AF6-40F0-4D21-AE85-74132EC8E951}.Debug|Any CPU.Build.0 = Debug|Any CPU
		{EFA27AF6-40F0-4D21-AE85-74132EC8E951}.Release|Any CPU.ActiveCfg = Release|Any CPU
		{EFA27AF6-40F0-4D21-AE85-74132EC8E951}.Release|Any CPU.Build.0 = Release|Any CPU
		{CA2C9C29-32D0-4B59-9FD9-F83E786A4ECA}.Debug|Any CPU.ActiveCfg = Debug|Any CPU
		{CA2C9C29-32D0-4B59-9FD9-F83E786A4ECA}.Debug|Any CPU.Build.0 = Debug|Any CPU
		{CA2C9C29-32D0-4B59-9FD9-F83E786A4ECA}.Release|Any CPU.ActiveCfg = Release|Any CPU
		{CA2C9C29-32D0-4B59-9FD9-F83E786A4ECA}.Release|Any CPU.Build.0 = Release|Any CPU
		{B10A6A54-CA75-4164-AAA8-8E4ECFA04F64}.Debug|Any CPU.ActiveCfg = Debug|Any CPU
		{B10A6A54-CA75-4164-AAA8-8E4ECFA04F64}.Debug|Any CPU.Build.0 = Debug|Any CPU
		{B10A6A54-CA75-4164-AAA8-8E4ECFA04F64}.Release|Any CPU.ActiveCfg = Release|Any CPU
		{B10A6A54-CA75-4164-AAA8-8E4ECFA04F64}.Release|Any CPU.Build.0 = Release|Any CPU
		{80814B43-69CD-429B-9174-21E1DDA7430C}.Debug|Any CPU.ActiveCfg = Debug|Any CPU
		{80814B43-69CD-429B-9174-21E1DDA7430C}.Debug|Any CPU.Build.0 = Debug|Any CPU
		{80814B43-69CD-429B-9174-21E1DDA7430C}.Release|Any CPU.ActiveCfg = Release|Any CPU
		{80814B43-69CD-429B-9174-21E1DDA7430C}.Release|Any CPU.Build.0 = Release|Any CPU
		{A42B9D85-E0A1-4D83-970E-087C3433FB01}.Debug|Any CPU.ActiveCfg = Debug|Any CPU
		{A42B9D85-E0A1-4D83-970E-087C3433FB01}.Debug|Any CPU.Build.0 = Debug|Any CPU
		{A42B9D85-E0A1-4D83-970E-087C3433FB01}.Release|Any CPU.ActiveCfg = Release|Any CPU
		{A42B9D85-E0A1-4D83-970E-087C3433FB01}.Release|Any CPU.Build.0 = Release|Any CPU
		{8DD45C6D-A54C-4B5A-9415-F379400F1FA1}.Debug|Any CPU.ActiveCfg = Debug|Any CPU
		{8DD45C6D-A54C-4B5A-9415-F379400F1FA1}.Debug|Any CPU.Build.0 = Debug|Any CPU
		{8DD45C6D-A54C-4B5A-9415-F379400F1FA1}.Release|Any CPU.ActiveCfg = Release|Any CPU
		{8DD45C6D-A54C-4B5A-9415-F379400F1FA1}.Release|Any CPU.Build.0 = Release|Any CPU
	EndGlobalSection
	GlobalSection(SolutionProperties) = preSolution
		HideSolutionNode = FALSE
	EndGlobalSection
EndGlobal
