
Microsoft Visual Studio Solution File, Format Version 12.00
# Visual Studio 14
VisualStudioVersion = 14.0.25420.1
MinimumVisualStudioVersion = 10.0.40219.1
Project("{FAE04EC0-301F-11D3-BF4B-00C04F79EFBC}") = "Conversion", "Conversion\Conversion.csproj", "{74FDFD5D-3604-4E8A-B9DA-FA10DF1883A5}"
EndProject
Project("{FAE04EC0-301F-11D3-BF4B-00C04F79EFBC}") = "WeightedAverage", "WeightedAverage\WeightedAverage.csproj", "{1C0A27FA-8F40-4A13-88FB-53508205BC25}"
EndProject
Global
	GlobalSection(SolutionConfigurationPlatforms) = preSolution
		Debug|Any CPU = Debug|Any CPU
		Release|Any CPU = Release|Any CPU
	EndGlobalSection
	GlobalSection(ProjectConfigurationPlatforms) = postSolution
		{74FDFD5D-3604-4E8A-B9DA-FA10DF1883A5}.Debug|Any CPU.ActiveCfg = Debug|Any CPU
		{74FDFD5D-3604-4E8A-B9DA-FA10DF1883A5}.Debug|Any CPU.Build.0 = Debug|Any CPU
		{74FDFD5D-3604-4E8A-B9DA-FA10DF1883A5}.Release|Any CPU.ActiveCfg = Release|Any CPU
		{74FDFD5D-3604-4E8A-B9DA-FA10DF1883A5}.Release|Any CPU.Build.0 = Release|Any CPU
		{1C0A27FA-8F40-4A13-88FB-53508205BC25}.Debug|Any CPU.ActiveCfg = Debug|Any CPU
		{1C0A27FA-8F40-4A13-88FB-53508205BC25}.Debug|Any CPU.Build.0 = Debug|Any CPU
		{1C0A27FA-8F40-4A13-88FB-53508205BC25}.Release|Any CPU.ActiveCfg = Release|Any CPU
		{1C0A27FA-8F40-4A13-88FB-53508205BC25}.Release|Any CPU.Build.0 = Release|Any CPU
	EndGlobalSection
	GlobalSection(SolutionProperties) = preSolution
		HideSolutionNode = FALSE
	EndGlobalSection
EndGlobal
