
Microsoft Visual Studio Solution File, Format Version 12.00
# Visual Studio 15
VisualStudioVersion = 15.0.27130.2027
MinimumVisualStudioVersion = 10.0.40219.1
Project("{FAE04EC0-301F-11D3-BF4B-00C04F79EFBC}") = "BMI", "BMI\BMI.csproj", "{E91E91BA-F2D1-425E-AADD-BDF74B0B3EEF}"
EndProject
Project("{FAE04EC0-301F-11D3-BF4B-00C04F79EFBC}") = "SentinelLoop", "SentinelLoop\SentinelLoop.csproj", "{6BB43DD2-8FC0-4426-833E-A3CD370FDB67}"
EndProject
Global
	GlobalSection(SolutionConfigurationPlatforms) = preSolution
		Debug|Any CPU = Debug|Any CPU
		Release|Any CPU = Release|Any CPU
	EndGlobalSection
	GlobalSection(ProjectConfigurationPlatforms) = postSolution
		{E91E91BA-F2D1-425E-AADD-BDF74B0B3EEF}.Debug|Any CPU.ActiveCfg = Debug|Any CPU
		{E91E91BA-F2D1-425E-AADD-BDF74B0B3EEF}.Debug|Any CPU.Build.0 = Debug|Any CPU
		{E91E91BA-F2D1-425E-AADD-BDF74B0B3EEF}.Release|Any CPU.ActiveCfg = Release|Any CPU
		{E91E91BA-F2D1-425E-AADD-BDF74B0B3EEF}.Release|Any CPU.Build.0 = Release|Any CPU
		{6BB43DD2-8FC0-4426-833E-A3CD370FDB67}.Debug|Any CPU.ActiveCfg = Debug|Any CPU
		{6BB43DD2-8FC0-4426-833E-A3CD370FDB67}.Debug|Any CPU.Build.0 = Debug|Any CPU
		{6BB43DD2-8FC0-4426-833E-A3CD370FDB67}.Release|Any CPU.ActiveCfg = Release|Any CPU
		{6BB43DD2-8FC0-4426-833E-A3CD370FDB67}.Release|Any CPU.Build.0 = Release|Any CPU
	EndGlobalSection
	GlobalSection(SolutionProperties) = preSolution
		HideSolutionNode = FALSE
	EndGlobalSection
	GlobalSection(ExtensibilityGlobals) = postSolution
		SolutionGuid = {D207DFFD-F629-431B-BC62-560828246CCE}
	EndGlobalSection
EndGlobal
